{
  "requires": true,
  "lockfileVersion": 1,
  "dependencies": {
    "vue-simple-spinner": {
      "version": "1.2.10",
      "resolved": "https://registry.npmjs.org/vue-simple-spinner/-/vue-simple-spinner-1.2.10.tgz",
      "integrity": "sha512-hrDT+HVSBnesLXBni9SRSvZdiiJhbOFbRbASWcGXqNQpONoLIshEdG4BFv0l80Q7ysj46mGqI86my4gXHkDpCw=="
    }
  }
}
